
Microsoft Visual Studio Solution File, Format Version 12.00
# Visual Studio Version 17
VisualStudioVersion = 17.4.33122.133
MinimumVisualStudioVersion = 10.0.40219.1
Project("{9A19103F-16F7-4668-BE54-9A1E7A4F7556}") = "Day1", "Day1\Day1.csproj", "{17E96761-89C8-41F3-8DB8-DB7FC2A952E1}"
EndProject
Project("{FAE04EC0-301F-11D3-BF4B-00C04F79EFBC}") = "Day2", "Day2\Day2.csproj", "{F369DF27-5BC4-4E88-830C-CBB8847ABCA2}"
EndProject
Global
	GlobalSection(SolutionConfigurationPlatforms) = preSolution
		Debug|Any CPU = Debug|Any CPU
		Release|Any CPU = Release|Any CPU
	EndGlobalSection
	GlobalSection(ProjectConfigurationPlatforms) = postSolution
		{17E96761-89C8-41F3-8DB8-DB7FC2A952E1}.Debug|Any CPU.ActiveCfg = Debug|Any CPU
		{17E96761-89C8-41F3-8DB8-DB7FC2A952E1}.Debug|Any CPU.Build.0 = Debug|Any CPU
		{17E96761-89C8-41F3-8DB8-DB7FC2A952E1}.Release|Any CPU.ActiveCfg = Release|Any CPU
		{17E96761-89C8-41F3-8DB8-DB7FC2A952E1}.Release|Any CPU.Build.0 = Release|Any CPU
		{F369DF27-5BC4-4E88-830C-CBB8847ABCA2}.Debug|Any CPU.ActiveCfg = Debug|Any CPU
		{F369DF27-5BC4-4E88-830C-CBB8847ABCA2}.Debug|Any CPU.Build.0 = Debug|Any CPU
		{F369DF27-5BC4-4E88-830C-CBB8847ABCA2}.Release|Any CPU.ActiveCfg = Release|Any CPU
		{F369DF27-5BC4-4E88-830C-CBB8847ABCA2}.Release|Any CPU.Build.0 = Release|Any CPU
	EndGlobalSection
	GlobalSection(SolutionProperties) = preSolution
		HideSolutionNode = FALSE
	EndGlobalSection
	GlobalSection(ExtensibilityGlobals) = postSolution
		SolutionGuid = {ABF3136E-095F-43B6-906A-B41787766302}
	EndGlobalSection
EndGlobal
